{
  "name": "canvas-tint-image",
  "version": "2.1.0",
  "lockfileVersion": 3,
  "requires": true,
  "packages": {
    "": {
      "name": "canvas-tint-image",
      "version": "2.1.0",
      "funding": [
        {
          "type": "individual",
          "url": "https://paypal.me/dmnsgn"
        },
        {
          "type": "individual",
          "url": "https://commerce.coinbase.com/checkout/56cbdf28-e323-48d8-9c98-7019e72c97f3"
        }
      ],
      "license": "MIT",
      "dependencies": {
        "canvas-context": "^3.3.0"
      },
      "devDependencies": {
        "async-preloader": "^8.0.3",
        "es-module-shims": "^1.10.0"
      },
      "engines": {
        "node": ">=22.0.0",
        "npm": ">=10.5.1",
        "snowdev": ">=2.2.x"
      }
    },
    "node_modules/async-preloader": {
      "version": "8.0.3",
      "resolved": "https://registry.npmjs.org/async-preloader/-/async-preloader-8.0.3.tgz",
      "integrity": "sha512-CJt+C7dWEh3AM3jGZiGoFV30k2uuzrOvpzVRxbb87ibvS+39N5mZsq4zXcY/NpbQUyK8Gkx1kCyd1odPzawipA==",
      "dev": true,
      "funding": [
        {
          "type": "individual",
          "url": "https://paypal.me/dmnsgn"
        },
        {
          "type": "individual",
          "url": "https://commerce.coinbase.com/checkout/56cbdf28-e323-48d8-9c98-7019e72c97f3"
        }
      ],
      "dependencies": {
        "fontfaceobserver-es": "^3.3.3",
        "tslib": "^2.6.2"
      },
      "engines": {
        "node": ">=20.0.0",
        "npm": ">=9.6.4"
      }
    },
    "node_modules/canvas-context": {
      "version": "3.3.0",
      "resolved": "https://registry.npmjs.org/canvas-context/-/canvas-context-3.3.0.tgz",
      "integrity": "sha512-gmiAY/gcv3FtzX5DbdVg9hHPJC3IEm3+X6cHhoSn590WutbpwWVgMuHQpeEP/ldBkPdvZRSO89uFBb2Aba4FYg==",
      "funding": [
        {
          "type": "individual",
          "url": "https://paypal.me/dmnsgn"
        },
        {
          "type": "individual",
          "url": "https://commerce.coinbase.com/checkout/56cbdf28-e323-48d8-9c98-7019e72c97f3"
        }
      ],
      "license": "MIT",
      "engines": {
        "node": ">=22.0.0",
        "npm": ">=10.5.1",
        "snowdev": ">=2.2.x"
      }
    },
    "node_modules/es-module-shims": {
      "version": "1.10.0",
      "resolved": "https://registry.npmjs.org/es-module-shims/-/es-module-shims-1.10.0.tgz",
      "integrity": "sha512-3PmuShQBd9d8pulTFx6L7HKgncnZ1oeSSbrEfnUasb3Tv974BAvyFtW1HLPJSkh5fCaU9JNZbBzPdbxSwg2zqA==",
      "dev": true,
      "license": "MIT"
    },
    "node_modules/fontfaceobserver-es": {
      "version": "3.3.3",
      "resolved": "https://registry.npmjs.org/fontfaceobserver-es/-/fontfaceobserver-es-3.3.3.tgz",
      "integrity": "sha512-1EyweL1ryy0koZWk80Kr0UgWq9KhbOl2cD6x1O8BtFu0gNqCWIXK1lVFSUb37DI5FMn1m86I6X7N1JRBy8wVfw==",
      "dev": true
    },
    "node_modules/tslib": {
      "version": "2.6.2",
      "resolved": "https://registry.npmjs.org/tslib/-/tslib-2.6.2.tgz",
      "integrity": "sha512-AEYxH93jGFPn/a2iVAwW87VuUIkR1FVUKB77NwMF7nBTDkDrrT/Hpt/IrCJ0QXhW27jTBDcf5ZY7w6RiqTMw2Q==",
      "dev": true
    }
  }
}
