{
  "name": "canvas-tint-image",
  "version": "2.1.0",
  "lockfileVersion": 2,
  "requires": true,
  "packages": {
    "": {
      "version": "2.1.0",
      "funding": [
        {
          "type": "individual",
          "url": "https://paypal.me/dmnsgn"
        },
        {
          "type": "individual",
          "url": "https://commerce.coinbase.com/checkout/56cbdf28-e323-48d8-9c98-7019e72c97f3"
        }
      ],
      "license": "MIT",
      "dependencies": {
        "canvas-context": "^3.0.1"
      },
      "devDependencies": {
        "async-preloader": "^5.0.2",
        "core-js": "^3.10.1",
        "es-module-shims": "^0.10.4"
      },
      "engines": {
        "node": ">=15.0.0",
        "npm": ">=7.0.0"
      }
    },
    "node_modules/async-preloader": {
      "version": "5.0.2",
      "resolved": "https://registry.npmjs.org/async-preloader/-/async-preloader-5.0.2.tgz",
      "integrity": "sha512-QeXZcrweGBU5S/+lRYsZJ3kw6U1Qhpc3X9B/VujZmCi7lK2OIWSN/XHjMdUmKf9FWJ5S8iGlaNWI2CHMQcfn7A==",
      "dev": true,
      "funding": [
        {
          "type": "individual",
          "url": "https://paypal.me/dmnsgn"
        },
        {
          "type": "individual",
          "url": "https://commerce.coinbase.com/checkout/56cbdf28-e323-48d8-9c98-7019e72c97f3"
        }
      ],
      "dependencies": {
        "fontfaceobserver-es": "^3.3.3",
        "tslib": "^2.1.0"
      },
      "engines": {
        "node": ">=15.0.0",
        "npm": ">=7.0.0"
      }
    },
    "node_modules/canvas-context": {
      "version": "3.0.1",
      "resolved": "https://registry.npmjs.org/canvas-context/-/canvas-context-3.0.1.tgz",
      "integrity": "sha512-5fwKfTva3Be6/Ah5N8z5TZIJ7FdoOrQUbbph1ppyzVdd3uiGjYD799hH8HSnl0D1wf7WLKx9C6CQeKkfiSmbmA==",
      "funding": [
        {
          "type": "individual",
          "url": "https://paypal.me/dmnsgn"
        },
        {
          "type": "individual",
          "url": "https://commerce.coinbase.com/checkout/56cbdf28-e323-48d8-9c98-7019e72c97f3"
        }
      ],
      "engines": {
        "node": ">=15.0.0",
        "npm": ">=7.0.0"
      }
    },
    "node_modules/core-js": {
      "version": "3.10.1",
      "resolved": "https://registry.npmjs.org/core-js/-/core-js-3.10.1.tgz",
      "integrity": "sha512-pwCxEXnj27XG47mu7SXAwhLP3L5CrlvCB91ANUkIz40P27kUcvNfSdvyZJ9CLHiVoKSp+TTChMQMSKQEH/IQxA==",
      "dev": true,
      "hasInstallScript": true,
      "funding": {
        "type": "opencollective",
        "url": "https://opencollective.com/core-js"
      }
    },
    "node_modules/es-module-shims": {
      "version": "0.10.4",
      "resolved": "https://registry.npmjs.org/es-module-shims/-/es-module-shims-0.10.4.tgz",
      "integrity": "sha512-tkmdigmgPVUWp1+psYM5gwBVhsgynU7v8CHpg74BmXSz+sXwAE42AdJahcoIkQPIUXhErX+BISAsW3chrFSCnQ==",
      "dev": true
    },
    "node_modules/fontfaceobserver-es": {
      "version": "3.3.3",
      "resolved": "https://registry.npmjs.org/fontfaceobserver-es/-/fontfaceobserver-es-3.3.3.tgz",
      "integrity": "sha512-1EyweL1ryy0koZWk80Kr0UgWq9KhbOl2cD6x1O8BtFu0gNqCWIXK1lVFSUb37DI5FMn1m86I6X7N1JRBy8wVfw==",
      "dev": true
    },
    "node_modules/tslib": {
      "version": "2.2.0",
      "resolved": "https://registry.npmjs.org/tslib/-/tslib-2.2.0.tgz",
      "integrity": "sha512-gS9GVHRU+RGn5KQM2rllAlR3dU6m7AcpJKdtH8gFvQiC4Otgk98XnmMU+nZenHt/+VhnBPWwgrJsyrdcw6i23w==",
      "dev": true
    }
  },
  "dependencies": {
    "async-preloader": {
      "version": "5.0.2",
      "resolved": "https://registry.npmjs.org/async-preloader/-/async-preloader-5.0.2.tgz",
      "integrity": "sha512-QeXZcrweGBU5S/+lRYsZJ3kw6U1Qhpc3X9B/VujZmCi7lK2OIWSN/XHjMdUmKf9FWJ5S8iGlaNWI2CHMQcfn7A==",
      "dev": true,
      "requires": {
        "fontfaceobserver-es": "^3.3.3",
        "tslib": "^2.1.0"
      }
    },
    "canvas-context": {
      "version": "3.0.1",
      "resolved": "https://registry.npmjs.org/canvas-context/-/canvas-context-3.0.1.tgz",
      "integrity": "sha512-5fwKfTva3Be6/Ah5N8z5TZIJ7FdoOrQUbbph1ppyzVdd3uiGjYD799hH8HSnl0D1wf7WLKx9C6CQeKkfiSmbmA=="
    },
    "core-js": {
      "version": "3.10.1",
      "resolved": "https://registry.npmjs.org/core-js/-/core-js-3.10.1.tgz",
      "integrity": "sha512-pwCxEXnj27XG47mu7SXAwhLP3L5CrlvCB91ANUkIz40P27kUcvNfSdvyZJ9CLHiVoKSp+TTChMQMSKQEH/IQxA==",
      "dev": true
    },
    "es-module-shims": {
      "version": "0.10.4",
      "resolved": "https://registry.npmjs.org/es-module-shims/-/es-module-shims-0.10.4.tgz",
      "integrity": "sha512-tkmdigmgPVUWp1+psYM5gwBVhsgynU7v8CHpg74BmXSz+sXwAE42AdJahcoIkQPIUXhErX+BISAsW3chrFSCnQ==",
      "dev": true
    },
    "fontfaceobserver-es": {
      "version": "3.3.3",
      "resolved": "https://registry.npmjs.org/fontfaceobserver-es/-/fontfaceobserver-es-3.3.3.tgz",
      "integrity": "sha512-1EyweL1ryy0koZWk80Kr0UgWq9KhbOl2cD6x1O8BtFu0gNqCWIXK1lVFSUb37DI5FMn1m86I6X7N1JRBy8wVfw==",
      "dev": true
    },
    "tslib": {
      "version": "2.2.0",
      "resolved": "https://registry.npmjs.org/tslib/-/tslib-2.2.0.tgz",
      "integrity": "sha512-gS9GVHRU+RGn5KQM2rllAlR3dU6m7AcpJKdtH8gFvQiC4Otgk98XnmMU+nZenHt/+VhnBPWwgrJsyrdcw6i23w==",
      "dev": true
    }
  }
}
